# tools/versions.lock — what was ACTUALLY tested on this host.
# Generated by 'just env-record'. PROJECT_CHARTER.md §13.3.
# 'just doctor' compares live versions against these strings.
# generated_at = 2026-08-05T21:39:07Z

macos            = 26.5.2 (25F84)
xcode_clt        = 26.6.0.0.1781586589
arch             = arm64
git              = git version 2.51.2
rustc            = rustc 1.97.1 (8bab26f4f 2026-07-14)
cargo            = cargo 1.97.1 (c980f4866 2026-06-30)
node             = v22.21.1
pnpm             = 10.15.1
koka             = Koka 3.2.3, 01:29:29 Mar 18 2026 (ghc release version)
wasmtime         = wasmtime 47.0.3 (5554cc1a6 2026-07-31)
just             = just 1.58.0
jq               = jq-1.7.1-apple
limactl          = (absent)

# Pinned but not necessarily installed yet (npm side is pinned in
# package.json + pnpm-lock.yaml; these are the versions verified on the
# npm registry on 2026-08-05):
npm_marko        = 6.3.32
npm_marko_run    = 0.11.8
npm_marko_vite   = 6.1.9
npm_vite         = 8.2.0
npm_playwright   = 1.62.1
